{
  "object": {
    "pins": [
      {
        "package": "SwiftGridView",
        "repositoryURL": "https://github.com/nlampi/SwiftGridView.git",
        "state": {
          "branch": null,
          "revision": "49158d89a1fda9c0a2a9d98ccc1e70ec329b4060",
          "version": "0.7.4"
        }
      }
    ]
  },
  "version": 1
}
