{
  "object": {
    "pins": [
      {
        "package": "SwiftGridView",
        "repositoryURL": "https://github.com/nlampi/SwiftGridView.git",
        "state": {
          "branch": null,
          "revision": "f159782777dce214e78e2998694f2ecf383ebbbd",
          "version": "0.7.3"
        }
      }
    ]
  },
  "version": 1
}
