PODS:
  - SwiftGridView (0.4.1)

DEPENDENCIES:
  - SwiftGridView (from `../../SwiftGridView.podspec`)

EXTERNAL SOURCES:
  SwiftGridView:
    :path: "../../SwiftGridView.podspec"

SPEC CHECKSUMS:
  SwiftGridView: 54478e094f50c10d7e06e9f1632b9a1ae2f5b0f7

PODFILE CHECKSUM: bdd301c855a0cc8866109efd5e22fbc056825f08

COCOAPODS: 1.2.1
