PODS:
  - SwiftGridView (0.6.7)

DEPENDENCIES:
  - SwiftGridView (from `../../SwiftGridView.podspec`)

EXTERNAL SOURCES:
  SwiftGridView:
    :path: "../../SwiftGridView.podspec"

SPEC CHECKSUMS:
  SwiftGridView: 8924376ecb7da910f8e45949a60d75d730cc2376

PODFILE CHECKSUM: bdd301c855a0cc8866109efd5e22fbc056825f08

COCOAPODS: 1.5.3
