PODS:
  - SwiftGridView (0.5.1)

DEPENDENCIES:
  - SwiftGridView (from `../../SwiftGridView.podspec`)

EXTERNAL SOURCES:
  SwiftGridView:
    :path: "../../SwiftGridView.podspec"

SPEC CHECKSUMS:
  SwiftGridView: f3fe8e8d2f168a1b138d2c08611acc34a505a442

PODFILE CHECKSUM: bdd301c855a0cc8866109efd5e22fbc056825f08

COCOAPODS: 1.2.1
