PODS:
  - SwiftGridView (0.7.7)

DEPENDENCIES:
  - SwiftGridView (from `../../SwiftGridView.podspec`)

EXTERNAL SOURCES:
  SwiftGridView:
    :path: "../../SwiftGridView.podspec"

SPEC CHECKSUMS:
  SwiftGridView: 59cbd18bce55a9a85c7be09385619b4175b81d7d

PODFILE CHECKSUM: f792e3834f229ce583d9c4adc4003596bf98e654

COCOAPODS: 1.16.2
