PODS:
  - SwiftGridView (0.7.3)

DEPENDENCIES:
  - SwiftGridView (from `../../SwiftGridView.podspec`)

EXTERNAL SOURCES:
  SwiftGridView:
    :path: "../../SwiftGridView.podspec"

SPEC CHECKSUMS:
  SwiftGridView: cb89201667c52e8437141e266e3858cb87327e28

PODFILE CHECKSUM: a7ba3465e2c93166a7c0b14afcb864169a13bbf9

COCOAPODS: 1.9.3
