// !$*UTF8*$!
{
	archiveVersion = 1;
	classes = {
	};
	objectVersion = 77;
	objects = {

/* Begin PBXFileSystemSynchronizedBuildFileExceptionSet section */
		SG00000000000000000000E1 /* Exceptions for "SwiftGridExample" folder in "SwiftGridExample" target */ = {
			isa = PBXFileSystemSynchronizedBuildFileExceptionSet;
			membershipExceptions = (
				Info.plist,
			);
			target = SG00000000000000000000T1 /* SwiftGridExample */;
		};
/* End PBXFileSystemSynchronizedBuildFileExceptionSet section */

/* Begin PBXFileSystemSynchronizedRootGroup section */
		SG00000000000000000000G1 /* SwiftGridExample */ = {
			isa = PBXFileSystemSynchronizedRootGroup;
			exceptions = (
				SG00000000000000000000E1 /* Exceptions for "SwiftGridExample" folder in "SwiftGridExample" target */,
			);
			path = SwiftGridExample;
			sourceTree = "<group>";
		};
/* End PBXFileSystemSynchronizedRootGroup section */

/* Begin PBXBuildFile section */
		SG00000000000000000000B1 /* SwiftGridView in Frameworks */ = {isa = PBXBuildFile; productRef = SG00000000000000000000P1 /* SwiftGridView */; };
/* End PBXBuildFile section */

/* Begin PBXFileReference section */
		SG00000000000000000000F1 /* SwiftGridExample.app */ = {isa = PBXFileReference; explicitFileType = wrapper.application; includeInIndex = 0; path = SwiftGridExample.app; sourceTree = BUILT_PRODUCTS_DIR; };
/* End PBXFileReference section */

/* Begin PBXFrameworksBuildPhase section */
		SG00000000000000000000W1 /* Frameworks */ = {
			isa = PBXFrameworksBuildPhase;
			buildActionMask = 2147483647;
			files = (
				SG00000000000000000000B1 /* SwiftGridView in Frameworks */,
			);
			runOnlyForDeploymentPostprocessing = 0;
		};
/* End PBXFrameworksBuildPhase section */

/* Begin PBXGroup section */
		SG00000000000000000000R1 = {
			isa = PBXGroup;
			children = (
				SG00000000000000000000G1 /* SwiftGridExample */,
				SG00000000000000000000R2 /* Products */,
			);
			sourceTree = "<group>";
		};
		SG00000000000000000000R2 /* Products */ = {
			isa = PBXGroup;
			children = (
				SG00000000000000000000F1 /* SwiftGridExample.app */,
			);
			name = Products;
			sourceTree = "<group>";
		};
/* End PBXGroup section */

/* Begin PBXNativeTarget section */
		SG00000000000000000000T1 /* SwiftGridExample */ = {
			isa = PBXNativeTarget;
			buildConfigurationList = SG00000000000000000000L2 /* Build configuration list for PBXNativeTarget "SwiftGridExample" */;
			buildPhases = (
				SG00000000000000000000S1 /* Sources */,
				SG00000000000000000000W1 /* Frameworks */,
				SG00000000000000000000X1 /* Resources */,
			);
			buildRules = (
			);
			dependencies = (
			);
			fileSystemSynchronizedGroups = (
				SG00000000000000000000G1 /* SwiftGridExample */,
			);
			name = SwiftGridExample;
			packageProductDependencies = (
				SG00000000000000000000P1 /* SwiftGridView */,
			);
			productName = SwiftGridExample;
			productReference = SG00000000000000000000F1 /* SwiftGridExample.app */;
			productType = "com.apple.product-type.application";
		};
/* End PBXNativeTarget section */

/* Begin PBXProject section */
		SG00000000000000000000J1 /* Project object */ = {
			isa = PBXProject;
			attributes = {
				BuildIndependentTargetsInParallel = 1;
				LastUpgradeCheck = 1600;
			};
			buildConfigurationList = SG00000000000000000000L1 /* Build configuration list for PBXProject "SwiftGridExample" */;
			developmentRegion = en;
			hasScannedForEncodings = 0;
			knownRegions = (
				en,
				Base,
			);
			mainGroup = SG00000000000000000000R1;
			packageReferences = (
				SG00000000000000000000K1 /* XCLocalSwiftPackageReference "../.." */,
			);
			productRefGroup = SG00000000000000000000R2 /* Products */;
			projectDirPath = "";
			projectRoot = "";
			targets = (
				SG00000000000000000000T1 /* SwiftGridExample */,
			);
		};
/* End PBXProject section */

/* Begin PBXResourcesBuildPhase section */
		SG00000000000000000000X1 /* Resources */ = {
			isa = PBXResourcesBuildPhase;
			buildActionMask = 2147483647;
			files = (
			);
			runOnlyForDeploymentPostprocessing = 0;
		};
/* End PBXResourcesBuildPhase section */

/* Begin PBXSourcesBuildPhase section */
		SG00000000000000000000S1 /* Sources */ = {
			isa = PBXSourcesBuildPhase;
			buildActionMask = 2147483647;
			files = (
			);
			runOnlyForDeploymentPostprocessing = 0;
		};
/* End PBXSourcesBuildPhase section */

/* Begin XCBuildConfiguration section */
		SG00000000000000000000C1 /* Debug */ = {
			isa = XCBuildConfiguration;
			buildSettings = {
				ALWAYS_SEARCH_USER_PATHS = NO;
				CLANG_ENABLE_MODULES = YES;
				CLANG_ENABLE_OBJC_ARC = YES;
				DEBUG_INFORMATION_FORMAT = dwarf;
				ENABLE_TESTABILITY = YES;
				GCC_OPTIMIZATION_LEVEL = 0;
				IPHONEOS_DEPLOYMENT_TARGET = 15.0;
				ONLY_ACTIVE_ARCH = YES;
				SDKROOT = iphoneos;
				SWIFT_ACTIVE_COMPILATION_CONDITIONS = DEBUG;
				SWIFT_OPTIMIZATION_LEVEL = "-Onone";
				SWIFT_VERSION = 5.0;
			};
			name = Debug;
		};
		SG00000000000000000000C2 /* Release */ = {
			isa = XCBuildConfiguration;
			buildSettings = {
				ALWAYS_SEARCH_USER_PATHS = NO;
				CLANG_ENABLE_MODULES = YES;
				CLANG_ENABLE_OBJC_ARC = YES;
				DEBUG_INFORMATION_FORMAT = "dwarf-with-dsym";
				IPHONEOS_DEPLOYMENT_TARGET = 15.0;
				SDKROOT = iphoneos;
				SWIFT_COMPILATION_MODE = wholemodule;
				SWIFT_OPTIMIZATION_LEVEL = "-O";
				SWIFT_VERSION = 5.0;
				VALIDATE_PRODUCT = YES;
			};
			name = Release;
		};
		SG00000000000000000000C3 /* Debug */ = {
			isa = XCBuildConfiguration;
			buildSettings = {
				ASSETCATALOG_COMPILER_APPICON_NAME = AppIcon;
				CODE_SIGN_STYLE = Automatic;
				INFOPLIST_FILE = SwiftGridExample/Info.plist;
				LD_RUNPATH_SEARCH_PATHS = (
					"$(inherited)",
					"@executable_path/Frameworks",
				);
				PRODUCT_BUNDLE_IDENTIFIER = com.nlampi.SwiftGridExample;
				PRODUCT_NAME = "$(TARGET_NAME)";
				TARGETED_DEVICE_FAMILY = "1,2";
			};
			name = Debug;
		};
		SG00000000000000000000C4 /* Release */ = {
			isa = XCBuildConfiguration;
			buildSettings = {
				ASSETCATALOG_COMPILER_APPICON_NAME = AppIcon;
				CODE_SIGN_STYLE = Automatic;
				INFOPLIST_FILE = SwiftGridExample/Info.plist;
				LD_RUNPATH_SEARCH_PATHS = (
					"$(inherited)",
					"@executable_path/Frameworks",
				);
				PRODUCT_BUNDLE_IDENTIFIER = com.nlampi.SwiftGridExample;
				PRODUCT_NAME = "$(TARGET_NAME)";
				TARGETED_DEVICE_FAMILY = "1,2";
			};
			name = Release;
		};
/* End XCBuildConfiguration section */

/* Begin XCConfigurationList section */
		SG00000000000000000000L1 /* Build configuration list for PBXProject "SwiftGridExample" */ = {
			isa = XCConfigurationList;
			buildConfigurations = (
				SG00000000000000000000C1 /* Debug */,
				SG00000000000000000000C2 /* Release */,
			);
			defaultConfigurationIsVisible = 0;
			defaultConfigurationName = Release;
		};
		SG00000000000000000000L2 /* Build configuration list for PBXNativeTarget "SwiftGridExample" */ = {
			isa = XCConfigurationList;
			buildConfigurations = (
				SG00000000000000000000C3 /* Debug */,
				SG00000000000000000000C4 /* Release */,
			);
			defaultConfigurationIsVisible = 0;
			defaultConfigurationName = Release;
		};
/* End XCConfigurationList section */

/* Begin XCLocalSwiftPackageReference section */
		SG00000000000000000000K1 /* XCLocalSwiftPackageReference "../.." */ = {
			isa = XCLocalSwiftPackageReference;
			relativePath = "../..";
		};
/* End XCLocalSwiftPackageReference section */

/* Begin XCSwiftPackageProductDependency section */
		SG00000000000000000000P1 /* SwiftGridView */ = {
			isa = XCSwiftPackageProductDependency;
			productName = SwiftGridView;
		};
/* End XCSwiftPackageProductDependency section */
	};
	rootObject = SG00000000000000000000J1 /* Project object */;
}
