PODS:
  - SwiftGridView (0.7.8)

DEPENDENCIES:
  - SwiftGridView (from `../../SwiftGridView.podspec`)

EXTERNAL SOURCES:
  SwiftGridView:
    :path: "../../SwiftGridView.podspec"

SPEC CHECKSUMS:
  SwiftGridView: 7112f539fea4e4611eb5abc9a671ba572957966e

PODFILE CHECKSUM: 73596896acf48fc1c3938d77e5fef2dc949c426e

COCOAPODS: 1.16.2
