PODS:
  - SwiftGridView (0.6.6)

DEPENDENCIES:
  - SwiftGridView (from `../../SwiftGridView.podspec`)

EXTERNAL SOURCES:
  SwiftGridView:
    :path: "../../SwiftGridView.podspec"

SPEC CHECKSUMS:
  SwiftGridView: 03555f6a740815bd45f6553086e4186b6ec36017

PODFILE CHECKSUM: ef04590b8c226df62cdb93da209d99d5778c15c1

COCOAPODS: 1.5.3
