PODS:
  - SwiftGridView (0.6.5)

DEPENDENCIES:
  - SwiftGridView (from `../../SwiftGridView.podspec`)

EXTERNAL SOURCES:
  SwiftGridView:
    :path: "../../SwiftGridView.podspec"

SPEC CHECKSUMS:
  SwiftGridView: 7055a32246619079c743328065612cbcbb67ecb9

PODFILE CHECKSUM: ef04590b8c226df62cdb93da209d99d5778c15c1

COCOAPODS: 1.5.3
